{
  "name": "qq",
  "version": "1.0.0",
  "lockfileVersion": 1,
  "requires": true,
  "dependencies": {
    "@babel/helper-module-imports": {
      "version": "7.0.0",
      "resolved": "https://registry.npmjs.org/@babel/helper-module-imports/-/helper-module-imports-7.0.0.tgz",
      "integrity": "sha512-aP/hlLq01DWNEiDg4Jn23i+CXxW/owM4WpDLFUbpjxe4NS3BhLVZQ5i7E0ZrxuQ/vwekIeciyamgB1UIYxxM6A==",
      "dev": true,
      "requires": {
        "@babel/types": "^7.0.0"
      }
    },
    "@babel/runtime": {
      "version": "7.1.5",
      "resolved": "https://registry.npmjs.org/@babel/runtime/-/runtime-7.1.5.tgz",
      "integrity": "sha512-xKnPpXG/pvK1B90JkwwxSGii90rQGKtzcMt2gI5G6+M0REXaq6rOHsGC2ay6/d0Uje7zzvSzjEzfR3ENhFlrfA==",
      "dev": true,
      "requires": {
        "regenerator-runtime": "^0.12.0"
      }
    },
    "@babel/types": {
      "version": "7.1.6",
      "resolved": "https://registry.npmjs.org/@babel/types/-/types-7.1.6.tgz",
      "integrity": "sha512-DMiUzlY9DSjVsOylJssxLHSgj6tWM9PRFJOGW/RaOglVOK9nzTxoOMfTfRQXGUCUQ/HmlG2efwC+XqUEJ5ay4w==",
      "dev": true,
      "requires": {
        "esutils": "^2.0.2",
        "lodash": "^4.17.10",
        "to-fast-properties": "^2.0.0"
      }
    },
    "acorn": {
      "version": "3.3.0",
      "resolved": "https://registry.npmjs.org/acorn/-/acorn-3.3.0.tgz",
      "integrity": "sha1-ReN/s56No/JbruP/U2niu18iAXo="
    },
    "ajv": {
      "version": "6.5.5",
      "resolved": "https://registry.npmjs.org/ajv/-/ajv-6.5.5.tgz",
      "integrity": "sha512-7q7gtRQDJSyuEHjuVgHoUa2VuemFiCMrfQc9Tc08XTAc4Zj/5U1buQJ0HU6i7fKjXU09SVgSmxa4sLvuvS8Iyg==",
      "dev": true,
      "optional": true,
      "requires": {
        "fast-deep-equal": "^2.0.1",
        "fast-json-stable-stringify": "^2.0.0",
        "json-schema-traverse": "^0.4.1",
        "uri-js": "^4.2.2"
      }
    },
    "arr-diff": {
      "version": "2.0.0",
      "resolved": "https://registry.npmjs.org/arr-diff/-/arr-diff-2.0.0.tgz",
      "integrity": "sha1-jzuCf5Vai9ZpaX5KQlasPOrjVs8=",
      "requires": {
        "arr-flatten": "^1.0.1"
      }
    },
    "arr-flatten": {
      "version": "1.1.0",
      "resolved": "https://registry.npmjs.org/arr-flatten/-/arr-flatten-1.1.0.tgz",
      "integrity": "sha512-L3hKV5R/p5o81R7O02IGnwpDmkp6E982XhtbuwSe3O4qOtMMMtodicASA1Cny2U+aCXcNpml+m4dPsvsJ3jatg=="
    },
    "array-unique": {
      "version": "0.2.1",
      "resolved": "https://registry.npmjs.org/array-unique/-/array-unique-0.2.1.tgz",
      "integrity": "sha1-odl8yvy8JiXMcPrc6zalDFiwGlM="
    },
    "asap": {
      "version": "2.0.6",
      "resolved": "https://registry.npmjs.org/asap/-/asap-2.0.6.tgz",
      "integrity": "sha1-5QNHYR1+aQlDIIu9r+vLwvuGbUY=",
      "dev": true,
      "optional": true
    },
    "asn1": {
      "version": "0.2.4",
      "resolved": "https://registry.npmjs.org/asn1/-/asn1-0.2.4.tgz",
      "integrity": "sha512-jxwzQpLQjSmWXgwaCZE9Nz+glAG01yF1QnWgbhGwHI5A6FRIEY6IVqtHhIepHqI7/kyEyQEagBC5mBEFlIYvdg==",
      "dev": true,
      "optional": true,
      "requires": {
        "safer-buffer": "~2.1.0"
      }
    },
    "assert-plus": {
      "version": "1.0.0",
      "resolved": "https://registry.npmjs.org/assert-plus/-/assert-plus-1.0.0.tgz",
      "integrity": "sha1-8S4PPF13sLHN2RRpQuTpbB5N1SU=",
      "dev": true,
      "optional": true
    },
    "asynckit": {
      "version": "0.4.0",
      "resolved": "https://registry.npmjs.org/asynckit/-/asynckit-0.4.0.tgz",
      "integrity": "sha1-x57Zf380y48robyXkLzDZkdLS3k=",
      "dev": true,
      "optional": true
    },
    "aws-sign2": {
      "version": "0.7.0",
      "resolved": "https://registry.npmjs.org/aws-sign2/-/aws-sign2-0.7.0.tgz",
      "integrity": "sha1-tG6JCTSpWR8tL2+G1+ap8bP+dqg=",
      "dev": true,
      "optional": true
    },
    "aws4": {
      "version": "1.8.0",
      "resolved": "https://registry.npmjs.org/aws4/-/aws4-1.8.0.tgz",
      "integrity": "sha512-ReZxvNHIOv88FlT7rxcXIIC0fPt4KZqZbOlivyWtXLt8ESx84zd3kMC6iK5jVeS2qt+g7ftS7ye4fi06X5rtRQ==",
      "dev": true,
      "optional": true
    },
    "babel-plugin-import": {
      "version": "1.11.0",
      "resolved": "https://registry.npmjs.org/babel-plugin-import/-/babel-plugin-import-1.11.0.tgz",
      "integrity": "sha512-de9dWdU1YjmWRPYurlHRKD2hTd24z0bIQ0/JgyXqLMXML+TsvEkVhtqzOsNtu9MmCuvwBiTTTjZBbZXA1Xu7TQ==",
      "dev": true,
      "requires": {
        "@babel/helper-module-imports": "^7.0.0",
        "@babel/runtime": "^7.0.0"
      }
    },
    "balanced-match": {
      "version": "1.0.0",
      "resolved": "https://registry.npmjs.org/balanced-match/-/balanced-match-1.0.0.tgz",
      "integrity": "sha1-ibTRmasr7kneFk6gK4nORi1xt2c="
    },
    "bcrypt-pbkdf": {
      "version": "1.0.2",
      "resolved": "https://registry.npmjs.org/bcrypt-pbkdf/-/bcrypt-pbkdf-1.0.2.tgz",
      "integrity": "sha1-pDAdOJtqQ/m2f/PKEaP2Y342Dp4=",
      "dev": true,
      "optional": true,
      "requires": {
        "tweetnacl": "^0.14.3"
      }
    },
    "body-scroll-lock": {
      "version": "2.6.1",
      "resolved": "https://registry.npmjs.org/body-scroll-lock/-/body-scroll-lock-2.6.1.tgz",
      "integrity": "sha512-fsDsq10+BJrk/+eGADqxspyZpGiKSh3dK8ByE6KuDK0REmPB99U05p1t9xVTAM9J6j9PJGm6W/W+HsCPnOFj+Q=="
    },
    "brace-expansion": {
      "version": "1.1.11",
      "resolved": "https://registry.npmjs.org/brace-expansion/-/brace-expansion-1.1.11.tgz",
      "integrity": "sha512-iCuPHDFgrHX7H2vEI/5xpz07zSHB00TpugqhmYtVmMO6518mCuRMoOYFldEBl0g187ufozdaHgWKcYFb61qGiA==",
      "requires": {
        "balanced-match": "^1.0.0",
        "concat-map": "0.0.1"
      }
    },
    "braces": {
      "version": "1.8.5",
      "resolved": "https://registry.npmjs.org/braces/-/braces-1.8.5.tgz",
      "integrity": "sha1-uneWLhLf+WnWt2cR6RS3N4V79qc=",
      "requires": {
        "expand-range": "^1.8.1",
        "preserve": "^0.2.0",
        "repeat-element": "^1.1.2"
      }
    },
    "browser-resolve": {
      "version": "1.11.3",
      "resolved": "https://registry.npmjs.org/browser-resolve/-/browser-resolve-1.11.3.tgz",
      "integrity": "sha512-exDi1BYWB/6raKHmDTCicQfTkqwN5fioMFV4j8BsfMU4R2DK/QfZfK7kOVkmWCNANf0snkBzqGqAJBao9gZMdQ==",
      "requires": {
        "resolve": "1.1.7"
      },
      "dependencies": {
        "resolve": {
          "version": "1.1.7",
          "resolved": "https://registry.npmjs.org/resolve/-/resolve-1.1.7.tgz",
          "integrity": "sha1-IDEU2CrSxe2ejgQRs5ModeiJ6Xs="
        }
      }
    },
    "builtin-modules": {
      "version": "1.1.1",
      "resolved": "https://registry.npmjs.org/builtin-modules/-/builtin-modules-1.1.1.tgz",
      "integrity": "sha1-Jw8HbFpywC9bZaR9+Uxf46J4iS8="
    },
    "caseless": {
      "version": "0.12.0",
      "resolved": "https://registry.npmjs.org/caseless/-/caseless-0.12.0.tgz",
      "integrity": "sha1-G2gcIf+EAzyCZUMJBolCDRhxUdw=",
      "dev": true,
      "optional": true
    },
    "clone": {
      "version": "2.1.2",
      "resolved": "https://registry.npmjs.org/clone/-/clone-2.1.2.tgz",
      "integrity": "sha1-G39Ln1kfHo+DZwQBYANFoCiHQ18=",
      "dev": true
    },
    "combined-stream": {
      "version": "1.0.7",
      "resolved": "https://registry.npmjs.org/combined-stream/-/combined-stream-1.0.7.tgz",
      "integrity": "sha512-brWl9y6vOB1xYPZcpZde3N9zDByXTosAeMDo4p1wzo6UMOX4vumB+TP1RZ76sfE6Md68Q0NJSrE/gbezd4Ul+w==",
      "dev": true,
      "optional": true,
      "requires": {
        "delayed-stream": "~1.0.0"
      }
    },
    "concat-map": {
      "version": "0.0.1",
      "resolved": "https://registry.npmjs.org/concat-map/-/concat-map-0.0.1.tgz",
      "integrity": "sha1-2Klr13/Wjfd5OnMDajug1UBdR3s="
    },
    "core-util-is": {
      "version": "1.0.2",
      "resolved": "https://registry.npmjs.org/core-util-is/-/core-util-is-1.0.2.tgz",
      "integrity": "sha1-tf1UIgqivFq1eqtxQMlAdUUDwac=",
      "dev": true,
      "optional": true
    },
    "dashdash": {
      "version": "1.14.1",
      "resolved": "https://registry.npmjs.org/dashdash/-/dashdash-1.14.1.tgz",
      "integrity": "sha1-hTz6D3y+L+1d4gMmuN1YEDX24vA=",
      "dev": true,
      "optional": true,
      "requires": {
        "assert-plus": "^1.0.0"
      }
    },
    "dayjs": {
      "version": "1.7.7",
      "resolved": "https://registry.npmjs.org/dayjs/-/dayjs-1.7.7.tgz",
      "integrity": "sha512-Qlkiu0NNDpYwhk0syK4ImvAl/5YnsEMkvC2O123INviGeOA3Q8s5VyVkZzmN5SC7Wv9bb1+rfwO+uSqtHB4UWw=="
    },
    "delayed-stream": {
      "version": "1.0.0",
      "resolved": "https://registry.npmjs.org/delayed-stream/-/delayed-stream-1.0.0.tgz",
      "integrity": "sha1-3zrhmayt+31ECqrgsp4icrJOxhk=",
      "dev": true,
      "optional": true
    },
    "ecc-jsbn": {
      "version": "0.1.2",
      "resolved": "https://registry.npmjs.org/ecc-jsbn/-/ecc-jsbn-0.1.2.tgz",
      "integrity": "sha1-OoOpBOVDUyh4dMVkt1SThoSamMk=",
      "dev": true,
      "optional": true,
      "requires": {
        "jsbn": "~0.1.0",
        "safer-buffer": "^2.1.0"
      }
    },
    "errno": {
      "version": "0.1.7",
      "resolved": "https://registry.npmjs.org/errno/-/errno-0.1.7.tgz",
      "integrity": "sha512-MfrRBDWzIWifgq6tJj60gkAwtLNb6sQPlcFrSOflcP1aFmmruKQ2wRnze/8V6kgyz7H3FF8Npzv78mZ7XLLflg==",
      "dev": true,
      "optional": true,
      "requires": {
        "prr": "~1.0.1"
      }
    },
    "estree-walker": {
      "version": "0.2.1",
      "resolved": "https://registry.npmjs.org/estree-walker/-/estree-walker-0.2.1.tgz",
      "integrity": "sha1-va/oCVOD2EFNXcLs9MkXO225QS4="
    },
    "esutils": {
      "version": "2.0.2",
      "resolved": "https://registry.npmjs.org/esutils/-/esutils-2.0.2.tgz",
      "integrity": "sha1-Cr9PHKpbyx96nYrMbepPqqBLrJs=",
      "dev": true
    },
    "expand-brackets": {
      "version": "0.1.5",
      "resolved": "https://registry.npmjs.org/expand-brackets/-/expand-brackets-0.1.5.tgz",
      "integrity": "sha1-3wcoTjQqgHzXM6xa9yQR5YHRF3s=",
      "requires": {
        "is-posix-bracket": "^0.1.0"
      }
    },
    "expand-range": {
      "version": "1.8.2",
      "resolved": "http://registry.npmjs.org/expand-range/-/expand-range-1.8.2.tgz",
      "integrity": "sha1-opnv/TNf4nIeuujiV+x5ZE/IUzc=",
      "requires": {
        "fill-range": "^2.1.0"
      }
    },
    "extend": {
      "version": "3.0.2",
      "resolved": "https://registry.npmjs.org/extend/-/extend-3.0.2.tgz",
      "integrity": "sha512-fjquC59cD7CyW6urNXK0FBufkZcoiGG80wTuPujX590cB5Ttln20E2UB4S/WARVqhXffZl2LNgS+gQdPIIim/g==",
      "dev": true,
      "optional": true
    },
    "extglob": {
      "version": "0.3.2",
      "resolved": "https://registry.npmjs.org/extglob/-/extglob-0.3.2.tgz",
      "integrity": "sha1-Lhj/PS9JqydlzskCPwEdqo2DSaE=",
      "requires": {
        "is-extglob": "^1.0.0"
      }
    },
    "extsprintf": {
      "version": "1.3.0",
      "resolved": "https://registry.npmjs.org/extsprintf/-/extsprintf-1.3.0.tgz",
      "integrity": "sha1-lpGEQOMEGnpBT4xS48V06zw+HgU=",
      "dev": true,
      "optional": true
    },
    "fast-deep-equal": {
      "version": "2.0.1",
      "resolved": "https://registry.npmjs.org/fast-deep-equal/-/fast-deep-equal-2.0.1.tgz",
      "integrity": "sha1-ewUhjd+WZ79/Nwv3/bLLFf3Qqkk=",
      "dev": true,
      "optional": true
    },
    "fast-json-stable-stringify": {
      "version": "2.0.0",
      "resolved": "https://registry.npmjs.org/fast-json-stable-stringify/-/fast-json-stable-stringify-2.0.0.tgz",
      "integrity": "sha1-1RQsDK7msRifh9OnYREGT4bIu/I=",
      "dev": true,
      "optional": true
    },
    "filename-regex": {
      "version": "2.0.1",
      "resolved": "https://registry.npmjs.org/filename-regex/-/filename-regex-2.0.1.tgz",
      "integrity": "sha1-wcS5vuPglyXdsQa3XB4wH+LxiyY="
    },
    "fill-range": {
      "version": "2.2.4",
      "resolved": "https://registry.npmjs.org/fill-range/-/fill-range-2.2.4.tgz",
      "integrity": "sha512-cnrcCbj01+j2gTG921VZPnHbjmdAf8oQV/iGeV2kZxGSyfYjjTyY79ErsK1WJWMpw6DaApEX72binqJE+/d+5Q==",
      "requires": {
        "is-number": "^2.1.0",
        "isobject": "^2.0.0",
        "randomatic": "^3.0.0",
        "repeat-element": "^1.1.2",
        "repeat-string": "^1.5.2"
      }
    },
    "for-in": {
      "version": "1.0.2",
      "resolved": "https://registry.npmjs.org/for-in/-/for-in-1.0.2.tgz",
      "integrity": "sha1-gQaNKVqBQuwKxybG4iAMMPttXoA="
    },
    "for-own": {
      "version": "0.1.5",
      "resolved": "https://registry.npmjs.org/for-own/-/for-own-0.1.5.tgz",
      "integrity": "sha1-UmXGgaTylNq78XyVCbZ2OqhFEM4=",
      "requires": {
        "for-in": "^1.0.1"
      }
    },
    "forever-agent": {
      "version": "0.6.1",
      "resolved": "https://registry.npmjs.org/forever-agent/-/forever-agent-0.6.1.tgz",
      "integrity": "sha1-+8cfDEGt6zf5bFd60e1C2P2sypE=",
      "dev": true,
      "optional": true
    },
    "form-data": {
      "version": "2.3.3",
      "resolved": "https://registry.npmjs.org/form-data/-/form-data-2.3.3.tgz",
      "integrity": "sha512-1lLKB2Mu3aGP1Q/2eCOx0fNbRMe7XdwktwOruhfqqd0rIJWwN4Dh+E3hrPSlDCXnSR7UtZ1N38rVXm+6+MEhJQ==",
      "dev": true,
      "optional": true,
      "requires": {
        "asynckit": "^0.4.0",
        "combined-stream": "^1.0.6",
        "mime-types": "^2.1.12"
      }
    },
    "getpass": {
      "version": "0.1.7",
      "resolved": "https://registry.npmjs.org/getpass/-/getpass-0.1.7.tgz",
      "integrity": "sha1-Xv+OPmhNVprkyysSgmBOi6YhSfo=",
      "dev": true,
      "optional": true,
      "requires": {
        "assert-plus": "^1.0.0"
      }
    },
    "glob-base": {
      "version": "0.3.0",
      "resolved": "https://registry.npmjs.org/glob-base/-/glob-base-0.3.0.tgz",
      "integrity": "sha1-27Fk9iIbHAscz4Kuoyi0l98Oo8Q=",
      "requires": {
        "glob-parent": "^2.0.0",
        "is-glob": "^2.0.0"
      }
    },
    "glob-parent": {
      "version": "2.0.0",
      "resolved": "https://registry.npmjs.org/glob-parent/-/glob-parent-2.0.0.tgz",
      "integrity": "sha1-gTg9ctsFT8zPUzbaqQLxgvbtuyg=",
      "requires": {
        "is-glob": "^2.0.0"
      }
    },
    "graceful-fs": {
      "version": "4.1.15",
      "resolved": "https://registry.npmjs.org/graceful-fs/-/graceful-fs-4.1.15.tgz",
      "integrity": "sha512-6uHUhOPEBgQ24HM+r6b/QwWfZq+yiFcipKFrOFiBEnWdy5sdzYoi+pJeQaPI5qOLRFqWmAXUPQNsielzdLoecA==",
      "dev": true,
      "optional": true
    },
    "hammerjs": {
      "version": "2.0.8",
      "resolved": "https://registry.npmjs.org/hammerjs/-/hammerjs-2.0.8.tgz",
      "integrity": "sha1-BO93hiz/K7edMPdpIJWTAiK/YPE="
    },
    "har-schema": {
      "version": "2.0.0",
      "resolved": "https://registry.npmjs.org/har-schema/-/har-schema-2.0.0.tgz",
      "integrity": "sha1-qUwiJOvKwEeCoNkDVSHyRzW37JI=",
      "dev": true,
      "optional": true
    },
    "har-validator": {
      "version": "5.1.3",
      "resolved": "https://registry.npmjs.org/har-validator/-/har-validator-5.1.3.tgz",
      "integrity": "sha512-sNvOCzEQNr/qrvJgc3UG/kD4QtlHycrzwS+6mfTrrSq97BvaYcPZZI1ZSqGSPR73Cxn4LKTD4PttRwfU7jWq5g==",
      "dev": true,
      "optional": true,
      "requires": {
        "ajv": "^6.5.5",
        "har-schema": "^2.0.0"
      }
    },
    "http-signature": {
      "version": "1.2.0",
      "resolved": "https://registry.npmjs.org/http-signature/-/http-signature-1.2.0.tgz",
      "integrity": "sha1-muzZJRFHcvPZW2WmCruPfBj7rOE=",
      "dev": true,
      "optional": true,
      "requires": {
        "assert-plus": "^1.0.0",
        "jsprim": "^1.2.2",
        "sshpk": "^1.7.0"
      }
    },
    "image-size": {
      "version": "0.5.5",
      "resolved": "https://registry.npmjs.org/image-size/-/image-size-0.5.5.tgz",
      "integrity": "sha1-Cd/Uq50g4p6xw+gLiZA3jfnjy5w=",
      "dev": true,
      "optional": true
    },
    "is-buffer": {
      "version": "1.1.6",
      "resolved": "https://registry.npmjs.org/is-buffer/-/is-buffer-1.1.6.tgz",
      "integrity": "sha512-NcdALwpXkTm5Zvvbk7owOUSvVvBKDgKP5/ewfXEznmQFfs4ZRmanOeKBTjRVjka3QFoN6XJ+9F3USqfHqTaU5w=="
    },
    "is-dotfile": {
      "version": "1.0.3",
      "resolved": "https://registry.npmjs.org/is-dotfile/-/is-dotfile-1.0.3.tgz",
      "integrity": "sha1-pqLzL/0t+wT1yiXs0Pa4PPeYoeE="
    },
    "is-equal-shallow": {
      "version": "0.1.3",
      "resolved": "https://registry.npmjs.org/is-equal-shallow/-/is-equal-shallow-0.1.3.tgz",
      "integrity": "sha1-IjgJj8Ih3gvPpdnqxMRdY4qhxTQ=",
      "requires": {
        "is-primitive": "^2.0.0"
      }
    },
    "is-extendable": {
      "version": "0.1.1",
      "resolved": "https://registry.npmjs.org/is-extendable/-/is-extendable-0.1.1.tgz",
      "integrity": "sha1-YrEQ4omkcUGOPsNqYX1HLjAd/Ik="
    },
    "is-extglob": {
      "version": "1.0.0",
      "resolved": "https://registry.npmjs.org/is-extglob/-/is-extglob-1.0.0.tgz",
      "integrity": "sha1-rEaBd8SUNAWgkvyPKXYMb/xiBsA="
    },
    "is-glob": {
      "version": "2.0.1",
      "resolved": "https://registry.npmjs.org/is-glob/-/is-glob-2.0.1.tgz",
      "integrity": "sha1-0Jb5JqPe1WAPP9/ZEZjLCIjC2GM=",
      "requires": {
        "is-extglob": "^1.0.0"
      }
    },
    "is-number": {
      "version": "2.1.0",
      "resolved": "https://registry.npmjs.org/is-number/-/is-number-2.1.0.tgz",
      "integrity": "sha1-Afy7s5NGOlSPL0ZszhbezknbkI8=",
      "requires": {
        "kind-of": "^3.0.2"
      }
    },
    "is-posix-bracket": {
      "version": "0.1.1",
      "resolved": "https://registry.npmjs.org/is-posix-bracket/-/is-posix-bracket-0.1.1.tgz",
      "integrity": "sha1-MzTceXdDaOkvAW5vvAqI9c1ua8Q="
    },
    "is-primitive": {
      "version": "2.0.0",
      "resolved": "https://registry.npmjs.org/is-primitive/-/is-primitive-2.0.0.tgz",
      "integrity": "sha1-IHurkWOEmcB7Kt8kCkGochADRXU="
    },
    "is-typedarray": {
      "version": "1.0.0",
      "resolved": "https://registry.npmjs.org/is-typedarray/-/is-typedarray-1.0.0.tgz",
      "integrity": "sha1-5HnICFjfDBsR3dppQPlgEfzaSpo=",
      "dev": true,
      "optional": true
    },
    "isarray": {
      "version": "1.0.0",
      "resolved": "https://registry.npmjs.org/isarray/-/isarray-1.0.0.tgz",
      "integrity": "sha1-u5NdSFgsuhaMBoNJV6VKPgcSTxE="
    },
    "isobject": {
      "version": "2.1.0",
      "resolved": "https://registry.npmjs.org/isobject/-/isobject-2.1.0.tgz",
      "integrity": "sha1-8GVWEJaj8dou9GJy+BXIQNh+DIk=",
      "requires": {
        "isarray": "1.0.0"
      }
    },
    "isstream": {
      "version": "0.1.2",
      "resolved": "https://registry.npmjs.org/isstream/-/isstream-0.1.2.tgz",
      "integrity": "sha1-R+Y/evVa+m+S4VAOaQ64uFKcCZo=",
      "dev": true,
      "optional": true
    },
    "jsbn": {
      "version": "0.1.1",
      "resolved": "https://registry.npmjs.org/jsbn/-/jsbn-0.1.1.tgz",
      "integrity": "sha1-peZUwuWi3rXyAdls77yoDA7y9RM=",
      "dev": true,
      "optional": true
    },
    "json-schema": {
      "version": "0.2.3",
      "resolved": "https://registry.npmjs.org/json-schema/-/json-schema-0.2.3.tgz",
      "integrity": "sha1-tIDIkuWaLwWVTOcnvT8qTogvnhM=",
      "dev": true,
      "optional": true
    },
    "json-schema-traverse": {
      "version": "0.4.1",
      "resolved": "https://registry.npmjs.org/json-schema-traverse/-/json-schema-traverse-0.4.1.tgz",
      "integrity": "sha512-xbbCH5dCYU5T8LcEhhuh7HJ88HXuW3qsI3Y0zOZFKfZEHcpWiHU/Jxzk629Brsab/mMiHQti9wMP+845RPe3Vg==",
      "dev": true,
      "optional": true
    },
    "json-stringify-safe": {
      "version": "5.0.1",
      "resolved": "https://registry.npmjs.org/json-stringify-safe/-/json-stringify-safe-5.0.1.tgz",
      "integrity": "sha1-Epai1Y/UXxmg9s4B1lcB4sc1tus=",
      "dev": true,
      "optional": true
    },
    "jsprim": {
      "version": "1.4.1",
      "resolved": "https://registry.npmjs.org/jsprim/-/jsprim-1.4.1.tgz",
      "integrity": "sha1-MT5mvB5cwG5Di8G3SZwuXFastqI=",
      "dev": true,
      "optional": true,
      "requires": {
        "assert-plus": "1.0.0",
        "extsprintf": "1.3.0",
        "json-schema": "0.2.3",
        "verror": "1.10.0"
      }
    },
    "keycode": {
      "version": "2.2.0",
      "resolved": "https://registry.npmjs.org/keycode/-/keycode-2.2.0.tgz",
      "integrity": "sha1-PQr1bce4uOXLqNCpfxByBO7CKwQ="
    },
    "kind-of": {
      "version": "3.2.2",
      "resolved": "https://registry.npmjs.org/kind-of/-/kind-of-3.2.2.tgz",
      "integrity": "sha1-MeohpzS6ubuw8yRm2JOupR5KPGQ=",
      "requires": {
        "is-buffer": "^1.1.5"
      }
    },
    "less": {
      "version": "3.8.1",
      "resolved": "https://registry.npmjs.org/less/-/less-3.8.1.tgz",
      "integrity": "sha512-8HFGuWmL3FhQR0aH89escFNBQH/nEiYPP2ltDFdQw2chE28Yx2E3lhAIq9Y2saYwLSwa699s4dBVEfCY8Drf7Q==",
      "dev": true,
      "requires": {
        "clone": "^2.1.2",
        "errno": "^0.1.1",
        "graceful-fs": "^4.1.2",
        "image-size": "~0.5.0",
        "mime": "^1.4.1",
        "mkdirp": "^0.5.0",
        "promise": "^7.1.1",
        "request": "^2.83.0",
        "source-map": "~0.6.0"
      }
    },
    "less-loader": {
      "version": "4.1.0",
      "resolved": "https://registry.npmjs.org/less-loader/-/less-loader-4.1.0.tgz",
      "integrity": "sha512-KNTsgCE9tMOM70+ddxp9yyt9iHqgmSs0yTZc5XH5Wo+g80RWRIYNqE58QJKm/yMud5wZEvz50ugRDuzVIkyahg==",
      "dev": true,
      "requires": {
        "clone": "^2.1.1",
        "loader-utils": "^1.1.0",
        "pify": "^3.0.0"
      }
    },
    "loader-utils": {
      "version": "1.4.2",
      "resolved": "https://registry.npmjs.org/loader-utils/-/loader-utils-1.4.2.tgz",
      "integrity": "sha512-I5d00Pd/jwMD2QCduo657+YM/6L3KZu++pmX9VFncxaxvHcru9jx1lBaFft+r4Mt2jK0Yhp41XlRAihzPxHNCg==",
      "dev": true,
      "requires": {
        "big.js": "^5.2.2",
        "emojis-list": "^3.0.0",
        "json5": "^1.0.1"
      },
      "dependencies": {
        "big.js": {
          "version": "5.2.2",
          "resolved": "https://registry.npmjs.org/big.js/-/big.js-5.2.2.tgz",
          "integrity": "sha512-vyL2OymJxmarO8gxMr0mhChsO9QGwhynfuu4+MHTAW6czfq9humCB7rKpUjDd9YUiDPU4mzpyupFSvOClAwbmQ==",
          "dev": true
        },
        "emojis-list": {
          "version": "3.0.0",
          "resolved": "https://registry.npmjs.org/emojis-list/-/emojis-list-3.0.0.tgz",
          "integrity": "sha512-/kyM18EfinwXZbno9FyUGeFh87KC8HRQBQGildHZbEuRyWFOmv1U10o9BBp8XVZDVNNuQKyIGIu5ZYAAXJ0V2Q==",
          "dev": true
        },
        "json5": {
          "version": "1.0.2",
          "resolved": "http://registry.npmjs.org/json5/-/json5-1.0.2.tgz",
          "integrity": "sha512-g1MWMLBiz8FKi1e4w0UyVL3w+iJceWAFBAaBnnGKOpNa5f8TLktkbre1+s6oICydWAm+HRUGTmI+//xv2hvXYA==",
          "dev": true,
          "requires": {
            "minimist": "^1.2.0"
          }
        },
        "minimist": {
          "version": "1.2.7",
          "resolved": "http://registry.npmjs.org/minimist/-/minimist-1.2.7.tgz",
          "integrity": "sha512-bzfL1YUZsP41gmu/qjrEk0Q6i2ix/cVeAhbCbqH9u3zYutS1cLg00qhrD0M2MVdCcx4Sc0UpP2eBWo9rotpq6g==",
          "dev": true
        }
      }
    },
    "lodash": {
      "version": "4.17.11",
      "resolved": "https://registry.npmjs.org/lodash/-/lodash-4.17.11.tgz",
      "integrity": "sha512-cQKh8igo5QUhZ7lg38DYWAxMvjSAKG0A8wGSVimP07SIUEK2UO+arSRKbRZWtelMtN5V0Hkwh5ryOto/SshYIg==",
      "dev": true
    },
    "magic-string": {
      "version": "0.16.0",
      "resolved": "https://registry.npmjs.org/magic-string/-/magic-string-0.16.0.tgz",
      "integrity": "sha1-lw67DacZMwEoX7GqZQ85vdgetFo=",
      "requires": {
        "vlq": "^0.2.1"
      }
    },
    "math-random": {
      "version": "1.0.1",
      "resolved": "https://registry.npmjs.org/math-random/-/math-random-1.0.1.tgz",
      "integrity": "sha1-izqsWIuKZuSXXjzepn97sylgH6w="
    },
    "micromatch": {
      "version": "2.3.11",
      "resolved": "https://registry.npmjs.org/micromatch/-/micromatch-2.3.11.tgz",
      "integrity": "sha1-hmd8l9FyCzY0MdBNDRUpO9OMFWU=",
      "requires": {
        "arr-diff": "^2.0.0",
        "array-unique": "^0.2.1",
        "braces": "^1.8.2",
        "expand-brackets": "^0.1.4",
        "extglob": "^0.3.1",
        "filename-regex": "^2.0.0",
        "is-extglob": "^1.0.0",
        "is-glob": "^2.0.1",
        "kind-of": "^3.0.2",
        "normalize-path": "^2.0.1",
        "object.omit": "^2.0.0",
        "parse-glob": "^3.0.4",
        "regex-cache": "^0.4.2"
      }
    },
    "mime": {
      "version": "1.6.0",
      "resolved": "https://registry.npmjs.org/mime/-/mime-1.6.0.tgz",
      "integrity": "sha512-x0Vn8spI+wuJ1O6S7gnbaQg8Pxh4NNHb7KSINmEWKiPE4RKOplvijn+NkmYmmRgP68mc70j2EbeTFRsrswaQeg==",
      "dev": true,
      "optional": true
    },
    "mime-db": {
      "version": "1.37.0",
      "resolved": "https://registry.npmjs.org/mime-db/-/mime-db-1.37.0.tgz",
      "integrity": "sha512-R3C4db6bgQhlIhPU48fUtdVmKnflq+hRdad7IyKhtFj06VPNVdk2RhiYL3UjQIlso8L+YxAtFkobT0VK+S/ybg==",
      "dev": true,
      "optional": true
    },
    "mime-types": {
      "version": "2.1.21",
      "resolved": "https://registry.npmjs.org/mime-types/-/mime-types-2.1.21.tgz",
      "integrity": "sha512-3iL6DbwpyLzjR3xHSFNFeb9Nz/M8WDkX33t1GFQnFOllWk8pOrh/LSrB5OXlnlW5P9LH73X6loW/eogc+F5lJg==",
      "dev": true,
      "optional": true,
      "requires": {
        "mime-db": "~1.37.0"
      }
    },
    "minimatch": {
      "version": "3.0.4",
      "resolved": "https://registry.npmjs.org/minimatch/-/minimatch-3.0.4.tgz",
      "integrity": "sha512-yJHVQEhyqPLUTgt9B83PXu6W3rx4MvvHvSUvToogpwoGDOUQ+yDrR0HRot+yOCdCO7u4hX3pWft6kWBBcqh0UA==",
      "requires": {
        "brace-expansion": "^1.1.7"
      }
    },
    "minimist": {
      "version": "0.0.8",
      "resolved": "http://registry.npmjs.org/minimist/-/minimist-0.0.8.tgz",
      "integrity": "sha1-hX/Kv8M5fSYluCKCYuhqp6ARsF0=",
      "dev": true,
      "optional": true
    },
    "mkdirp": {
      "version": "0.5.1",
      "resolved": "http://registry.npmjs.org/mkdirp/-/mkdirp-0.5.1.tgz",
      "integrity": "sha1-MAV0OOrGz3+MR2fzhkjWaX11yQM=",
      "dev": true,
      "optional": true,
      "requires": {
        "minimist": "0.0.8"
      }
    },
    "muse-ui": {
      "version": "3.0.1",
      "resolved": "https://registry.npmjs.org/muse-ui/-/muse-ui-3.0.1.tgz",
      "integrity": "sha512-q1G6PbdndD/EaYH7gPodFQ4PYtQ0Ls+pL16kGj4sjjWonvYT2SMg7gFf73OziQS7plqmdH+qiIhR1YMZbjAMDA==",
      "requires": {
        "body-scroll-lock": "^2.5.7",
        "dayjs": "^1.6.5",
        "keycode": "^2.1.9",
        "normalize-wheel": "^1.0.1",
        "resize-observer-polyfill": "^1.5.0"
      }
    },
    "normalize-path": {
      "version": "2.1.1",
      "resolved": "https://registry.npmjs.org/normalize-path/-/normalize-path-2.1.1.tgz",
      "integrity": "sha1-GrKLVW4Zg2Oowab35vogE3/mrtk=",
      "requires": {
        "remove-trailing-separator": "^1.0.1"
      }
    },
    "normalize-wheel": {
      "version": "1.0.1",
      "resolved": "https://registry.npmjs.org/normalize-wheel/-/normalize-wheel-1.0.1.tgz",
      "integrity": "sha1-rsiGr/2wRQcNhWRH32Ls+GFG7EU="
    },
    "oauth-sign": {
      "version": "0.9.0",
      "resolved": "https://registry.npmjs.org/oauth-sign/-/oauth-sign-0.9.0.tgz",
      "integrity": "sha512-fexhUFFPTGV8ybAtSIGbV6gOkSv8UtRbDBnAyLQw4QPKkgNlsH2ByPGtMUqdWkos6YCRmAqViwgZrJc/mRDzZQ==",
      "dev": true,
      "optional": true
    },
    "object.omit": {
      "version": "2.0.1",
      "resolved": "https://registry.npmjs.org/object.omit/-/object.omit-2.0.1.tgz",
      "integrity": "sha1-Gpx0SCnznbuFjHbKNXmuKlTr0fo=",
      "requires": {
        "for-own": "^0.1.4",
        "is-extendable": "^0.1.1"
      }
    },
    "parse-glob": {
      "version": "3.0.4",
      "resolved": "https://registry.npmjs.org/parse-glob/-/parse-glob-3.0.4.tgz",
      "integrity": "sha1-ssN2z7EfNVE7rdFz7wu246OIORw=",
      "requires": {
        "glob-base": "^0.3.0",
        "is-dotfile": "^1.0.0",
        "is-extglob": "^1.0.0",
        "is-glob": "^2.0.0"
      }
    },
    "path-parse": {
      "version": "1.0.6",
      "resolved": "https://registry.npmjs.org/path-parse/-/path-parse-1.0.6.tgz",
      "integrity": "sha512-GSmOT2EbHrINBf9SR7CDELwlJ8AENk3Qn7OikK4nFYAu3Ote2+JYNVvkpAEQm3/TLNEJFD/xZJjzyxg3KBWOzw=="
    },
    "performance-now": {
      "version": "2.1.0",
      "resolved": "https://registry.npmjs.org/performance-now/-/performance-now-2.1.0.tgz",
      "integrity": "sha1-Ywn04OX6kT7BxpMHrjZLSzd8nns=",
      "dev": true,
      "optional": true
    },
    "pify": {
      "version": "3.0.0",
      "resolved": "https://registry.npmjs.org/pify/-/pify-3.0.0.tgz",
      "integrity": "sha1-5aSs0sEB/fPZpNB/DbxNtJ3SgXY=",
      "dev": true
    },
    "preserve": {
      "version": "0.2.0",
      "resolved": "https://registry.npmjs.org/preserve/-/preserve-0.2.0.tgz",
      "integrity": "sha1-gV7R9uvGWSb4ZbMQwHE7yzMVzks="
    },
    "promise": {
      "version": "7.3.1",
      "resolved": "https://registry.npmjs.org/promise/-/promise-7.3.1.tgz",
      "integrity": "sha512-nolQXZ/4L+bP/UGlkfaIujX9BKxGwmQ9OT4mOt5yvy8iK1h3wqTEJCijzGANTCCl9nWjY41juyAn2K3Q1hLLTg==",
      "dev": true,
      "optional": true,
      "requires": {
        "asap": "~2.0.3"
      }
    },
    "prr": {
      "version": "1.0.1",
      "resolved": "https://registry.npmjs.org/prr/-/prr-1.0.1.tgz",
      "integrity": "sha1-0/wRS6BplaRexok/SEzrHXj19HY=",
      "dev": true,
      "optional": true
    },
    "psl": {
      "version": "1.1.29",
      "resolved": "https://registry.npmjs.org/psl/-/psl-1.1.29.tgz",
      "integrity": "sha512-AeUmQ0oLN02flVHXWh9sSJF7mcdFq0ppid/JkErufc3hGIV/AMa8Fo9VgDo/cT2jFdOWoFvHp90qqBH54W+gjQ==",
      "dev": true,
      "optional": true
    },
    "punycode": {
      "version": "2.1.1",
      "resolved": "https://registry.npmjs.org/punycode/-/punycode-2.1.1.tgz",
      "integrity": "sha512-XRsRjdf+j5ml+y/6GKHPZbrF/8p2Yga0JPtdqTIY2Xe5ohJPD9saDJJLPvp9+NSBprVvevdXZybnj2cv8OEd0A==",
      "dev": true,
      "optional": true
    },
    "qs": {
      "version": "6.5.2",
      "resolved": "https://registry.npmjs.org/qs/-/qs-6.5.2.tgz",
      "integrity": "sha512-N5ZAX4/LxJmF+7wN74pUD6qAh9/wnvdQcjq9TZjevvXzSUo7bfmw91saqMjzGS2xq91/odN2dW/WOl7qQHNDGA==",
      "dev": true,
      "optional": true
    },
    "randomatic": {
      "version": "3.1.1",
      "resolved": "https://registry.npmjs.org/randomatic/-/randomatic-3.1.1.tgz",
      "integrity": "sha512-TuDE5KxZ0J461RVjrJZCJc+J+zCkTb1MbH9AQUq68sMhOMcy9jLcb3BrZKgp9q9Ncltdg4QVqWrH02W2EFFVYw==",
      "requires": {
        "is-number": "^4.0.0",
        "kind-of": "^6.0.0",
        "math-random": "^1.0.1"
      },
      "dependencies": {
        "is-number": {
          "version": "4.0.0",
          "resolved": "https://registry.npmjs.org/is-number/-/is-number-4.0.0.tgz",
          "integrity": "sha512-rSklcAIlf1OmFdyAqbnWTLVelsQ58uvZ66S/ZyawjWqIviTWCjg2PzVGw8WUA+nNuPTqb4wgA+NszrJ+08LlgQ=="
        },
        "kind-of": {
          "version": "6.0.2",
          "resolved": "https://registry.npmjs.org/kind-of/-/kind-of-6.0.2.tgz",
          "integrity": "sha512-s5kLOcnH0XqDO+FvuaLX8DDjZ18CGFk7VygH40QoKPUQhW4e2rvM0rwUq0t8IQDOwYSeLK01U90OjzBTme2QqA=="
        }
      }
    },
    "regenerator-runtime": {
      "version": "0.12.1",
      "resolved": "https://registry.npmjs.org/regenerator-runtime/-/regenerator-runtime-0.12.1.tgz",
      "integrity": "sha512-odxIc1/vDlo4iZcfXqRYFj0vpXFNoGdKMAUieAlFYO6m/nl5e9KR/beGf41z4a1FI+aQgtjhuaSlDxQ0hmkrHg==",
      "dev": true
    },
    "regex-cache": {
      "version": "0.4.4",
      "resolved": "https://registry.npmjs.org/regex-cache/-/regex-cache-0.4.4.tgz",
      "integrity": "sha512-nVIZwtCjkC9YgvWkpM55B5rBhBYRZhAaJbgcFYXXsHnbZ9UZI9nnVWYZpBlCqv9ho2eZryPnWrZGsOdPwVWXWQ==",
      "requires": {
        "is-equal-shallow": "^0.1.3"
      }
    },
    "remove-trailing-separator": {
      "version": "1.1.0",
      "resolved": "https://registry.npmjs.org/remove-trailing-separator/-/remove-trailing-separator-1.1.0.tgz",
      "integrity": "sha1-wkvOKig62tW8P1jg1IJJuSN52O8="
    },
    "repeat-element": {
      "version": "1.1.3",
      "resolved": "https://registry.npmjs.org/repeat-element/-/repeat-element-1.1.3.tgz",
      "integrity": "sha512-ahGq0ZnV5m5XtZLMb+vP76kcAM5nkLqk0lpqAuojSKGgQtn4eRi4ZZGm2olo2zKFH+sMsWaqOCW1dqAnOru72g=="
    },
    "repeat-string": {
      "version": "1.6.1",
      "resolved": "https://registry.npmjs.org/repeat-string/-/repeat-string-1.6.1.tgz",
      "integrity": "sha1-jcrkcOHIirwtYA//Sndihtp15jc="
    },
    "request": {
      "version": "2.88.0",
      "resolved": "https://registry.npmjs.org/request/-/request-2.88.0.tgz",
      "integrity": "sha512-NAqBSrijGLZdM0WZNsInLJpkJokL72XYjUpnB0iwsRgxh7dB6COrHnTBNwN0E+lHDAJzu7kLAkDeY08z2/A0hg==",
      "dev": true,
      "optional": true,
      "requires": {
        "aws-sign2": "~0.7.0",
        "aws4": "^1.8.0",
        "caseless": "~0.12.0",
        "combined-stream": "~1.0.6",
        "extend": "~3.0.2",
        "forever-agent": "~0.6.1",
        "form-data": "~2.3.2",
        "har-validator": "~5.1.0",
        "http-signature": "~1.2.0",
        "is-typedarray": "~1.0.0",
        "isstream": "~0.1.2",
        "json-stringify-safe": "~5.0.1",
        "mime-types": "~2.1.19",
        "oauth-sign": "~0.9.0",
        "performance-now": "^2.1.0",
        "qs": "~6.5.2",
        "safe-buffer": "^5.1.2",
        "tough-cookie": "~2.4.3",
        "tunnel-agent": "^0.6.0",
        "uuid": "^3.3.2"
      }
    },
    "resize-observer-polyfill": {
      "version": "1.5.0",
      "resolved": "https://registry.npmjs.org/resize-observer-polyfill/-/resize-observer-polyfill-1.5.0.tgz",
      "integrity": "sha512-M2AelyJDVR/oLnToJLtuDJRBBWUGUvvGigj1411hXhAdyFWqMaqHp7TixW3FpiLuVaikIcR1QL+zqoJoZlOgpg=="
    },
    "resolve": {
      "version": "1.8.1",
      "resolved": "https://registry.npmjs.org/resolve/-/resolve-1.8.1.tgz",
      "integrity": "sha512-AicPrAC7Qu1JxPCZ9ZgCZlY35QgFnNqc+0LtbRNxnVw4TXvjQ72wnuL9JQcEBgXkI9JM8MsT9kaQoHcpCRJOYA==",
      "requires": {
        "path-parse": "^1.0.5"
      }
    },
    "rollup-plugin-cleanup": {
      "version": "0.1.4",
      "resolved": "https://registry.npmjs.org/rollup-plugin-cleanup/-/rollup-plugin-cleanup-0.1.4.tgz",
      "integrity": "sha1-n+06tDAJiKiC1j3jMh5BDNr8YzE=",
      "requires": {
        "acorn": "^3.3.0",
        "magic-string": "^0.16.0",
        "rollup-pluginutils": "^1.5.2"
      }
    },
    "rollup-plugin-commonjs": {
      "version": "7.1.0",
      "resolved": "https://registry.npmjs.org/rollup-plugin-commonjs/-/rollup-plugin-commonjs-7.1.0.tgz",
      "integrity": "sha1-w6dywuSl+hNQf1xXi2bME7DLink=",
      "requires": {
        "acorn": "^4.0.1",
        "estree-walker": "^0.3.0",
        "magic-string": "^0.19.0",
        "resolve": "^1.1.7",
        "rollup-pluginutils": "^2.0.1"
      },
      "dependencies": {
        "acorn": {
          "version": "4.0.13",
          "resolved": "https://registry.npmjs.org/acorn/-/acorn-4.0.13.tgz",
          "integrity": "sha1-EFSVrlNh1pe9GVyCUZLhrX8lN4c="
        },
        "estree-walker": {
          "version": "0.3.1",
          "resolved": "https://registry.npmjs.org/estree-walker/-/estree-walker-0.3.1.tgz",
          "integrity": "sha1-5rGlHPcpJSTnI3wxLl/mZgwc4ao="
        },
        "magic-string": {
          "version": "0.19.1",
          "resolved": "https://registry.npmjs.org/magic-string/-/magic-string-0.19.1.tgz",
          "integrity": "sha1-FNdoATyvLsj96hakmvgvw3fnUgE=",
          "requires": {
            "vlq": "^0.2.1"
          }
        },
        "rollup-pluginutils": {
          "version": "2.3.3",
          "resolved": "https://registry.npmjs.org/rollup-pluginutils/-/rollup-pluginutils-2.3.3.tgz",
          "integrity": "sha512-2XZwja7b6P5q4RZ5FhyX1+f46xi1Z3qBKigLRZ6VTZjwbN0K1IFGMlwm06Uu0Emcre2Z63l77nq/pzn+KxIEoA==",
          "requires": {
            "estree-walker": "^0.5.2",
            "micromatch": "^2.3.11"
          },
          "dependencies": {
            "estree-walker": {
              "version": "0.5.2",
              "resolved": "https://registry.npmjs.org/estree-walker/-/estree-walker-0.5.2.tgz",
              "integrity": "sha512-XpCnW/AE10ws/kDAs37cngSkvgIR8aN3G0MS85m7dUpuK2EREo9VJ00uvw6Dg/hXEpfsE1I1TvJOJr+Z+TL+ig=="
            }
          }
        }
      }
    },
    "rollup-plugin-node-resolve": {
      "version": "2.1.1",
      "resolved": "https://registry.npmjs.org/rollup-plugin-node-resolve/-/rollup-plugin-node-resolve-2.1.1.tgz",
      "integrity": "sha1-y7eDsNFbAnlNWJFTULLw2QK43cg=",
      "requires": {
        "browser-resolve": "^1.11.0",
        "builtin-modules": "^1.1.0",
        "resolve": "^1.1.6"
      }
    },
    "rollup-pluginutils": {
      "version": "1.5.2",
      "resolved": "https://registry.npmjs.org/rollup-pluginutils/-/rollup-pluginutils-1.5.2.tgz",
      "integrity": "sha1-HhVud4+UtyVb+hs9AXi+j1xVJAg=",
      "requires": {
        "estree-walker": "^0.2.1",
        "minimatch": "^3.0.2"
      }
    },
    "safe-buffer": {
      "version": "5.1.2",
      "resolved": "https://registry.npmjs.org/safe-buffer/-/safe-buffer-5.1.2.tgz",
      "integrity": "sha512-Gd2UZBJDkXlY7GbJxfsE8/nvKkUEU1G38c1siN6QP6a9PT9MmHB8GnpscSmMJSoF8LOIrt8ud/wPtojys4G6+g==",
      "dev": true,
      "optional": true
    },
    "safer-buffer": {
      "version": "2.1.2",
      "resolved": "https://registry.npmjs.org/safer-buffer/-/safer-buffer-2.1.2.tgz",
      "integrity": "sha512-YZo3K82SD7Riyi0E1EQPojLz7kpepnSQI9IyPbHHg1XXXevb5dJI7tpyN2ADxGcQbHG7vcyRHk0cbwqcQriUtg==",
      "dev": true,
      "optional": true
    },
    "source-map": {
      "version": "0.6.1",
      "resolved": "https://registry.npmjs.org/source-map/-/source-map-0.6.1.tgz",
      "integrity": "sha512-UjgapumWlbMhkBgzT7Ykc5YXUT46F0iKu8SGXq0bcwP5dz/h0Plj6enJqjz1Zbq2l5WaqYnrVbwWOWMyF3F47g==",
      "dev": true,
      "optional": true
    },
    "sshpk": {
      "version": "1.15.2",
      "resolved": "https://registry.npmjs.org/sshpk/-/sshpk-1.15.2.tgz",
      "integrity": "sha512-Ra/OXQtuh0/enyl4ETZAfTaeksa6BXks5ZcjpSUNrjBr0DvrJKX+1fsKDPpT9TBXgHAFsa4510aNVgI8g/+SzA==",
      "dev": true,
      "optional": true,
      "requires": {
        "asn1": "~0.2.3",
        "assert-plus": "^1.0.0",
        "bcrypt-pbkdf": "^1.0.0",
        "dashdash": "^1.12.0",
        "ecc-jsbn": "~0.1.1",
        "getpass": "^0.1.1",
        "jsbn": "~0.1.0",
        "safer-buffer": "^2.0.2",
        "tweetnacl": "~0.14.0"
      }
    },
    "to-fast-properties": {
      "version": "2.0.0",
      "resolved": "https://registry.npmjs.org/to-fast-properties/-/to-fast-properties-2.0.0.tgz",
      "integrity": "sha1-3F5pjL0HkmW8c+A3doGk5Og/YW4=",
      "dev": true
    },
    "tough-cookie": {
      "version": "2.4.3",
      "resolved": "https://registry.npmjs.org/tough-cookie/-/tough-cookie-2.4.3.tgz",
      "integrity": "sha512-Q5srk/4vDM54WJsJio3XNn6K2sCG+CQ8G5Wz6bZhRZoAe/+TxjWB/GlFAnYEbkYVlON9FMk/fE3h2RLpPXo4lQ==",
      "dev": true,
      "optional": true,
      "requires": {
        "psl": "^1.1.24",
        "punycode": "^1.4.1"
      },
      "dependencies": {
        "punycode": {
          "version": "1.4.1",
          "resolved": "https://registry.npmjs.org/punycode/-/punycode-1.4.1.tgz",
          "integrity": "sha1-wNWmOycYgArY4esPpSachN1BhF4=",
          "dev": true,
          "optional": true
        }
      }
    },
    "tunnel-agent": {
      "version": "0.6.0",
      "resolved": "https://registry.npmjs.org/tunnel-agent/-/tunnel-agent-0.6.0.tgz",
      "integrity": "sha1-J6XeoGs2sEoKmWZ3SykIaPD8QP0=",
      "dev": true,
      "optional": true,
      "requires": {
        "safe-buffer": "^5.0.1"
      }
    },
    "tweetnacl": {
      "version": "0.14.5",
      "resolved": "https://registry.npmjs.org/tweetnacl/-/tweetnacl-0.14.5.tgz",
      "integrity": "sha1-WuaBd/GS1EViadEIr6k/+HQ/T2Q=",
      "dev": true,
      "optional": true
    },
    "uri-js": {
      "version": "4.2.2",
      "resolved": "https://registry.npmjs.org/uri-js/-/uri-js-4.2.2.tgz",
      "integrity": "sha512-KY9Frmirql91X2Qgjry0Wd4Y+YTdrdZheS8TFwvkbLWf/G5KNJDCh6pKL5OZctEW4+0Baa5idK2ZQuELRwPznQ==",
      "dev": true,
      "optional": true,
      "requires": {
        "punycode": "^2.1.0"
      }
    },
    "uuid": {
      "version": "3.3.2",
      "resolved": "https://registry.npmjs.org/uuid/-/uuid-3.3.2.tgz",
      "integrity": "sha512-yXJmeNaw3DnnKAOKJE51sL/ZaYfWJRl1pK9dr19YFCu0ObS231AB1/LbqTKRAQ5kw8A90rA6fr4riOUpTZvQZA==",
      "dev": true,
      "optional": true
    },
    "verror": {
      "version": "1.10.0",
      "resolved": "https://registry.npmjs.org/verror/-/verror-1.10.0.tgz",
      "integrity": "sha1-OhBcoXBTr1XW4nDB+CiGguGNpAA=",
      "dev": true,
      "optional": true,
      "requires": {
        "assert-plus": "^1.0.0",
        "core-util-is": "1.0.2",
        "extsprintf": "^1.2.0"
      }
    },
    "vlq": {
      "version": "0.2.3",
      "resolved": "https://registry.npmjs.org/vlq/-/vlq-0.2.3.tgz",
      "integrity": "sha512-DRibZL6DsNhIgYQ+wNdWDL2SL3bKPlVrRiBqV5yuMm++op8W4kGFtaQfCs4KEJn0wBZcHVHJ3eoywX8983k1ow=="
    },
    "vue-touch": {
      "version": "2.0.0-beta.4",
      "resolved": "https://registry.npmjs.org/vue-touch/-/vue-touch-2.0.0-beta.4.tgz",
      "integrity": "sha1-Alml+/if7RLV5deJ//uZuHSuBQE=",
      "requires": {
        "hammerjs": "^2.0.8",
        "rollup-plugin-cleanup": "^0.1.4",
        "rollup-plugin-commonjs": "^7.0.0",
        "rollup-plugin-node-resolve": "^2.0.0"
      }
    }
  }
}
